# THIS IS AN AUTOGENERATED FILE. DO NOT EDIT THIS FILE DIRECTLY.
# yarn lockfile v1


draggabilly@^2.1.1:
  version "2.1.1"
  resolved "https://registry.yarnpkg.com/draggabilly/-/draggabilly-2.1.1.tgz#3a31a1fa73e4cc71c75a4bfea9acfb2dade01722"
  dependencies:
    get-size "~2.0.2"
    unidragger "~2.1.0"

ev-emitter@~1.0.1:
  version "1.0.3"
  resolved "https://registry.yarnpkg.com/ev-emitter/-/ev-emitter-1.0.3.tgz#ee5ef74b6ed28d911b32ddcbfc97867f580937bc"

get-size@~2.0.2:
  version "2.0.2"
  resolved "https://registry.yarnpkg.com/get-size/-/get-size-2.0.2.tgz#555ea98ab8732e0c021e9e23e2219adcbe398e98"

unidragger@~2.1.0:
  version "2.1.0"
  resolved "https://registry.yarnpkg.com/unidragger/-/unidragger-2.1.0.tgz#e4c23f5fab8188c637e776d0b3810c7d989e5561"
  dependencies:
    unipointer "~2.1.0"

unipointer@~2.1.0:
  version "2.1.0"
  resolved "https://registry.yarnpkg.com/unipointer/-/unipointer-2.1.0.tgz#b1e9fa2986c1306d97330587ba434d285ccfe37f"
  dependencies:
    ev-emitter "~1.0.1"
